{
  "nodes": {
    "dotfiles_flake": {
      "inputs": {
        "flake-utils": "flake-utils",
        "nixpkgs": "nixpkgs"
      },
      "locked": {
        "lastModified": 1666181400,
        "narHash": "sha256-vBBN0eEGqz9w1G9T3NYoKk+TnJnWsI26W6/Z9rr4fTM=",
        "owner": "placek",
        "repo": "dotfiles",
        "rev": "87f77dab9220b1ae9e991010258e2217c3276c10",
        "type": "github"
      },
      "original": {
        "owner": "placek",
        "ref": "master",
        "repo": "dotfiles",
        "type": "github"
      }
    },
    "flake-utils": {
      "locked": {
        "lastModified": 1638122382,
        "narHash": "sha256-sQzZzAbvKEqN9s0bzWuYmRaA03v40gaJ4+iL1LXjaeI=",
        "owner": "numtide",
        "repo": "flake-utils",
        "rev": "74f7e4319258e287b0f9cb95426c9853b282730b",
        "type": "github"
      },
      "original": {
        "owner": "numtide",
        "repo": "flake-utils",
        "type": "github"
      }
    },
    "flake-utils_2": {
      "locked": {
        "lastModified": 1638122382,
        "narHash": "sha256-sQzZzAbvKEqN9s0bzWuYmRaA03v40gaJ4+iL1LXjaeI=",
        "owner": "numtide",
        "repo": "flake-utils",
        "rev": "74f7e4319258e287b0f9cb95426c9853b282730b",
        "type": "github"
      },
      "original": {
        "owner": "numtide",
        "repo": "flake-utils",
        "type": "github"
      }
    },
    "flake-utils_3": {
      "locked": {
        "lastModified": 1638122382,
        "narHash": "sha256-sQzZzAbvKEqN9s0bzWuYmRaA03v40gaJ4+iL1LXjaeI=",
        "owner": "numtide",
        "repo": "flake-utils",
        "rev": "74f7e4319258e287b0f9cb95426c9853b282730b",
        "type": "github"
      },
      "original": {
        "owner": "numtide",
        "repo": "flake-utils",
        "type": "github"
      }
    },
    "fonts_flake": {
      "inputs": {
        "flake-utils": "flake-utils_2",
        "nixpkgs": "nixpkgs_2"
      },
      "locked": {
        "lastModified": 1640264355,
        "narHash": "sha256-TfN7k236pLZL+Yb0xYJwBQGqt9pKsX3WBhM6HLFT/U0=",
        "owner": "placek",
        "repo": "custom-fonts",
        "rev": "6dc172c9e003061546052896a3c1f455bcf5e22c",
        "type": "github"
      },
      "original": {
        "owner": "placek",
        "ref": "master",
        "repo": "custom-fonts",
        "type": "github"
      }
    },
    "nixpkgs": {
      "locked": {
        "lastModified": 1636552551,
        "narHash": "sha256-k7Hq/bvUnRlAfFjPGuw3FsSqqspQdRHsCHpgadw6UkQ=",
        "owner": "NixOS",
        "repo": "nixpkgs",
        "rev": "9e86f5f7a19db6da2445f07bafa6694b556f9c6d",
        "type": "github"
      },
      "original": {
        "owner": "NixOS",
        "repo": "nixpkgs",
        "rev": "9e86f5f7a19db6da2445f07bafa6694b556f9c6d",
        "type": "github"
      }
    },
    "nixpkgs_2": {
      "locked": {
        "lastModified": 1636552551,
        "narHash": "sha256-k7Hq/bvUnRlAfFjPGuw3FsSqqspQdRHsCHpgadw6UkQ=",
        "owner": "NixOS",
        "repo": "nixpkgs",
        "rev": "9e86f5f7a19db6da2445f07bafa6694b556f9c6d",
        "type": "github"
      },
      "original": {
        "owner": "NixOS",
        "repo": "nixpkgs",
        "rev": "9e86f5f7a19db6da2445f07bafa6694b556f9c6d",
        "type": "github"
      }
    },
    "nixpkgs_3": {
      "locked": {
        "lastModified": 1665683778,
        "narHash": "sha256-vE/VAv9GbxlFYgVexxIxaSJ1gZV8XGJWa2Ra3tbNPFM=",
        "owner": "NixOS",
        "repo": "nixpkgs",
        "rev": "2196a95e686f11c66ccdcee13183e9b9d10d7886",
        "type": "github"
      },
      "original": {
        "owner": "NixOS",
        "ref": "master",
        "repo": "nixpkgs",
        "type": "github"
      }
    },
    "nixpkgs_4": {
      "locked": {
        "lastModified": 1636552551,
        "narHash": "sha256-k7Hq/bvUnRlAfFjPGuw3FsSqqspQdRHsCHpgadw6UkQ=",
        "owner": "NixOS",
        "repo": "nixpkgs",
        "rev": "9e86f5f7a19db6da2445f07bafa6694b556f9c6d",
        "type": "github"
      },
      "original": {
        "owner": "NixOS",
        "repo": "nixpkgs",
        "rev": "9e86f5f7a19db6da2445f07bafa6694b556f9c6d",
        "type": "github"
      }
    },
    "root": {
      "inputs": {
        "dotfiles_flake": "dotfiles_flake",
        "fonts_flake": "fonts_flake",
        "nixpkgs": "nixpkgs_3",
        "wallpapers_flake": "wallpapers_flake"
      }
    },
    "wallpapers_flake": {
      "inputs": {
        "flake-utils": "flake-utils_3",
        "nixpkgs": "nixpkgs_4"
      },
      "locked": {
        "lastModified": 1640263061,
        "narHash": "sha256-ufnfFl7ZE+hDj2ZAM48ZVRufDcKyQbUESWdyd7sZsCE=",
        "owner": "placek",
        "repo": "wallpapers",
        "rev": "3fc9c2e2f32f813a98806302f7bc1e206fbe16ac",
        "type": "github"
      },
      "original": {
        "owner": "placek",
        "ref": "master",
        "repo": "wallpapers",
        "type": "github"
      }
    }
  },
  "root": "root",
  "version": 7
}
